
Microsoft Visual Studio Solution File, Format Version 12.00
# Visual Studio Version 17
VisualStudioVersion = 17.14.36401.2 d17.14
MinimumVisualStudioVersion = 10.0.40219.1
Project("{FAE04EC0-301F-11D3-BF4B-00C04F79EFBC}") = "BankAppUsingControllers", "BankAppUsingControllers\BankAppUsingControllers.csproj", "{DF5B0DC1-0F4A-4FCF-8AD6-A918F1EA5801}"
EndProject
Global
	GlobalSection(SolutionConfigurationPlatforms) = preSolution
		Debug|Any CPU = Debug|Any CPU
		Release|Any CPU = Release|Any CPU
	EndGlobalSection
	GlobalSection(ProjectConfigurationPlatforms) = postSolution
		{DF5B0DC1-0F4A-4FCF-8AD6-A918F1EA5801}.Debug|Any CPU.ActiveCfg = Debug|Any CPU
		{DF5B0DC1-0F4A-4FCF-8AD6-A918F1EA5801}.Debug|Any CPU.Build.0 = Debug|Any CPU
		{DF5B0DC1-0F4A-4FCF-8AD6-A918F1EA5801}.Release|Any CPU.ActiveCfg = Release|Any CPU
		{DF5B0DC1-0F4A-4FCF-8AD6-A918F1EA5801}.Release|Any CPU.Build.0 = Release|Any CPU
	EndGlobalSection
	GlobalSection(SolutionProperties) = preSolution
		HideSolutionNode = FALSE
	EndGlobalSection
	GlobalSection(ExtensibilityGlobals) = postSolution
		SolutionGuid = {AFEA13B4-35BA-46E0-9017-FF6D224FAF49}
	EndGlobalSection
EndGlobal
